
Microsoft Visual Studio Solution File, Format Version 12.00
# Visual Studio Version 17
VisualStudioVersion = 17.0.31903.59
MinimumVisualStudioVersion = 10.0.40219.1
Project("{2150E333-8FDC-42A3-9474-1A3956D46DE8}") = "src", "src", "{BA0EDD04-717E-452B-A1E0-CC79402B9C1B}"
EndProject
Project("{FAE04EC0-301F-11D3-BF4B-00C04F79EFBC}") = "PkrAssistant.Domain", "src\PkrAssistant.Domain\PkrAssistant.Domain.csproj", "{07344BD2-CDDA-42FA-908C-88E880723F66}"
EndProject
Project("{FAE04EC0-301F-11D3-BF4B-00C04F79EFBC}") = "PkrAssistant.Api", "src\PkrAssistant.Api\PkrAssistant.Api.csproj", "{CEC9BD1F-174F-4972-ABC7-2F4AD1E701C3}"
EndProject
Project("{FAE04EC0-301F-11D3-BF4B-00C04F79EFBC}") = "PkrAssistant.Application", "src\PkrAssistant.Application\PkrAssistant.Application.csproj", "{4C4A6F62-F1A9-4FCD-A2C9-B8DCB16D9BC0}"
EndProject
Project("{FAE04EC0-301F-11D3-BF4B-00C04F79EFBC}") = "PkrAssistant.Infrastructure", "src\PkrAssistant.Infrastructure\PkrAssistant.Infrastructure.csproj", "{7073473D-A766-484F-A746-516DDC1F98F5}"
EndProject
Project("{2150E333-8FDC-42A3-9474-1A3956D46DE8}") = "tests", "tests", "{3D14626D-B9D1-49BD-BF47-DCBB38120EAD}"
EndProject
Project("{FAE04EC0-301F-11D3-BF4B-00C04F79EFBC}") = "PkrAssistant.Application.Tests", "tests\PkrAssistant.Application.Tests\PkrAssistant.Application.Tests.csproj", "{BFFEBAAE-D2E8-4B8B-A214-571289259712}"
EndProject
Project("{FAE04EC0-301F-11D3-BF4B-00C04F79EFBC}") = "PkrAssistant.Infrastructure.Tests", "tests\PkrAssistant.Infrastructure.Tests\PkrAssistant.Infrastructure.Tests.csproj", "{139CAFBD-E626-4612-A61B-7C3C53138FB7}"
EndProject
Global
	GlobalSection(SolutionConfigurationPlatforms) = preSolution
		Debug|Any CPU = Debug|Any CPU
		Release|Any CPU = Release|Any CPU
	EndGlobalSection
	GlobalSection(SolutionProperties) = preSolution
		HideSolutionNode = FALSE
	EndGlobalSection
	GlobalSection(ProjectConfigurationPlatforms) = postSolution
		{07344BD2-CDDA-42FA-908C-88E880723F66}.Debug|Any CPU.ActiveCfg = Debug|Any CPU
		{07344BD2-CDDA-42FA-908C-88E880723F66}.Debug|Any CPU.Build.0 = Debug|Any CPU
		{07344BD2-CDDA-42FA-908C-88E880723F66}.Release|Any CPU.ActiveCfg = Release|Any CPU
		{07344BD2-CDDA-42FA-908C-88E880723F66}.Release|Any CPU.Build.0 = Release|Any CPU
		{CEC9BD1F-174F-4972-ABC7-2F4AD1E701C3}.Debug|Any CPU.ActiveCfg = Debug|Any CPU
		{CEC9BD1F-174F-4972-ABC7-2F4AD1E701C3}.Debug|Any CPU.Build.0 = Debug|Any CPU
		{CEC9BD1F-174F-4972-ABC7-2F4AD1E701C3}.Release|Any CPU.ActiveCfg = Release|Any CPU
		{CEC9BD1F-174F-4972-ABC7-2F4AD1E701C3}.Release|Any CPU.Build.0 = Release|Any CPU
		{4C4A6F62-F1A9-4FCD-A2C9-B8DCB16D9BC0}.Debug|Any CPU.ActiveCfg = Debug|Any CPU
		{4C4A6F62-F1A9-4FCD-A2C9-B8DCB16D9BC0}.Debug|Any CPU.Build.0 = Debug|Any CPU
		{4C4A6F62-F1A9-4FCD-A2C9-B8DCB16D9BC0}.Release|Any CPU.ActiveCfg = Release|Any CPU
		{4C4A6F62-F1A9-4FCD-A2C9-B8DCB16D9BC0}.Release|Any CPU.Build.0 = Release|Any CPU
		{7073473D-A766-484F-A746-516DDC1F98F5}.Debug|Any CPU.ActiveCfg = Debug|Any CPU
		{7073473D-A766-484F-A746-516DDC1F98F5}.Debug|Any CPU.Build.0 = Debug|Any CPU
		{7073473D-A766-484F-A746-516DDC1F98F5}.Release|Any CPU.ActiveCfg = Release|Any CPU
		{7073473D-A766-484F-A746-516DDC1F98F5}.Release|Any CPU.Build.0 = Release|Any CPU
		{BFFEBAAE-D2E8-4B8B-A214-571289259712}.Debug|Any CPU.ActiveCfg = Debug|Any CPU
		{BFFEBAAE-D2E8-4B8B-A214-571289259712}.Debug|Any CPU.Build.0 = Debug|Any CPU
		{BFFEBAAE-D2E8-4B8B-A214-571289259712}.Release|Any CPU.ActiveCfg = Release|Any CPU
		{BFFEBAAE-D2E8-4B8B-A214-571289259712}.Release|Any CPU.Build.0 = Release|Any CPU
		{139CAFBD-E626-4612-A61B-7C3C53138FB7}.Debug|Any CPU.ActiveCfg = Debug|Any CPU
		{139CAFBD-E626-4612-A61B-7C3C53138FB7}.Debug|Any CPU.Build.0 = Debug|Any CPU
		{139CAFBD-E626-4612-A61B-7C3C53138FB7}.Release|Any CPU.ActiveCfg = Release|Any CPU
		{139CAFBD-E626-4612-A61B-7C3C53138FB7}.Release|Any CPU.Build.0 = Release|Any CPU
	EndGlobalSection
	GlobalSection(NestedProjects) = preSolution
		{07344BD2-CDDA-42FA-908C-88E880723F66} = {BA0EDD04-717E-452B-A1E0-CC79402B9C1B}
		{CEC9BD1F-174F-4972-ABC7-2F4AD1E701C3} = {BA0EDD04-717E-452B-A1E0-CC79402B9C1B}
		{4C4A6F62-F1A9-4FCD-A2C9-B8DCB16D9BC0} = {BA0EDD04-717E-452B-A1E0-CC79402B9C1B}
		{7073473D-A766-484F-A746-516DDC1F98F5} = {BA0EDD04-717E-452B-A1E0-CC79402B9C1B}
		{BFFEBAAE-D2E8-4B8B-A214-571289259712} = {3D14626D-B9D1-49BD-BF47-DCBB38120EAD}
		{139CAFBD-E626-4612-A61B-7C3C53138FB7} = {3D14626D-B9D1-49BD-BF47-DCBB38120EAD}
	EndGlobalSection
EndGlobal
